
Microsoft Visual Studio Solution File, Format Version 12.00
# Visual Studio Version 16
VisualStudioVersion = 16.0.810.6
MinimumVisualStudioVersion = 10.0.40219.1
Project("{FAE04EC0-301F-11D3-BF4B-00C04F79EFBC}") = "CarRental", "CarRental\CarRental.csproj", "{551E52E4-BE3B-4CF4-8683-15AA575DF99C}"
EndProject
Project("{FAE04EC0-301F-11D3-BF4B-00C04F79EFBC}") = "CarRentalTest", "CarRentalTest\CarRentalTest.csproj", "{5F50347A-8AF1-4066-86D0-C817AB70F2D1}"
EndProject
Global
	GlobalSection(SolutionConfigurationPlatforms) = preSolution
		Debug|Any CPU = Debug|Any CPU
		Release|Any CPU = Release|Any CPU
	EndGlobalSection
	GlobalSection(ProjectConfigurationPlatforms) = postSolution
		{551E52E4-BE3B-4CF4-8683-15AA575DF99C}.Debug|Any CPU.ActiveCfg = Debug|Any CPU
		{551E52E4-BE3B-4CF4-8683-15AA575DF99C}.Debug|Any CPU.Build.0 = Debug|Any CPU
		{551E52E4-BE3B-4CF4-8683-15AA575DF99C}.Release|Any CPU.ActiveCfg = Release|Any CPU
		{551E52E4-BE3B-4CF4-8683-15AA575DF99C}.Release|Any CPU.Build.0 = Release|Any CPU
		{5F50347A-8AF1-4066-86D0-C817AB70F2D1}.Debug|Any CPU.ActiveCfg = Debug|Any CPU
		{5F50347A-8AF1-4066-86D0-C817AB70F2D1}.Debug|Any CPU.Build.0 = Debug|Any CPU
		{5F50347A-8AF1-4066-86D0-C817AB70F2D1}.Release|Any CPU.ActiveCfg = Release|Any CPU
		{5F50347A-8AF1-4066-86D0-C817AB70F2D1}.Release|Any CPU.Build.0 = Release|Any CPU
	EndGlobalSection
	GlobalSection(SolutionProperties) = preSolution
		HideSolutionNode = FALSE
	EndGlobalSection
	GlobalSection(ExtensibilityGlobals) = postSolution
		SolutionGuid = {206CA837-DDDA-4A7A-988C-B73229532FE0}
	EndGlobalSection
EndGlobal
